
Microsoft Visual Studio Solution File, Format Version 12.00
# Visual Studio 15
VisualStudioVersion = 15.0.28010.2036
MinimumVisualStudioVersion = 10.0.40219.1
Project("{9A19103F-16F7-4668-BE54-9A1E7A4F7556}") = "RequestResponse", "RequestResponse.csproj", "{DE4AC85B-B2DF-4E2C-BCF1-2B26E23786B9}"
EndProject
Global
	GlobalSection(SolutionConfigurationPlatforms) = preSolution
		Debug|Any CPU = Debug|Any CPU
		Release|Any CPU = Release|Any CPU
	EndGlobalSection
	GlobalSection(ProjectConfigurationPlatforms) = postSolution
		{DE4AC85B-B2DF-4E2C-BCF1-2B26E23786B9}.Debug|Any CPU.ActiveCfg = Debug|Any CPU
		{DE4AC85B-B2DF-4E2C-BCF1-2B26E23786B9}.Debug|Any CPU.Build.0 = Debug|Any CPU
		{DE4AC85B-B2DF-4E2C-BCF1-2B26E23786B9}.Release|Any CPU.ActiveCfg = Release|Any CPU
		{DE4AC85B-B2DF-4E2C-BCF1-2B26E23786B9}.Release|Any CPU.Build.0 = Release|Any CPU
	EndGlobalSection
	GlobalSection(SolutionProperties) = preSolution
		HideSolutionNode = FALSE
	EndGlobalSection
	GlobalSection(ExtensibilityGlobals) = postSolution
		SolutionGuid = {70782EEE-80FB-4FB0-9E95-CD8094C196FF}
	EndGlobalSection
EndGlobal
